
Microsoft Visual Studio Solution File, Format Version 12.00
# Visual Studio Version 17
VisualStudioVersion = 17.4.33403.182
MinimumVisualStudioVersion = 10.0.40219.1
Project("{9A19103F-16F7-4668-BE54-9A1E7A4F7556}") = "API", "API.csproj", "{59BD4DA3-9E62-4C41-9319-5AF441D5F2DB}"
EndProject
Global
	GlobalSection(SolutionConfigurationPlatforms) = preSolution
		Debug|Any CPU = Debug|Any CPU
		Release|Any CPU = Release|Any CPU
	EndGlobalSection
	GlobalSection(ProjectConfigurationPlatforms) = postSolution
		{59BD4DA3-9E62-4C41-9319-5AF441D5F2DB}.Debug|Any CPU.ActiveCfg = Debug|Any CPU
		{59BD4DA3-9E62-4C41-9319-5AF441D5F2DB}.Debug|Any CPU.Build.0 = Debug|Any CPU
		{59BD4DA3-9E62-4C41-9319-5AF441D5F2DB}.Release|Any CPU.ActiveCfg = Release|Any CPU
		{59BD4DA3-9E62-4C41-9319-5AF441D5F2DB}.Release|Any CPU.Build.0 = Release|Any CPU
	EndGlobalSection
	GlobalSection(SolutionProperties) = preSolution
		HideSolutionNode = FALSE
	EndGlobalSection
	GlobalSection(ExtensibilityGlobals) = postSolution
		SolutionGuid = {FD7811DA-B8B8-4E93-84EE-278A5785F594}
	EndGlobalSection
EndGlobal
